
Microsoft Visual Studio Solution File, Format Version 12.00
# Visual Studio Version 17
VisualStudioVersion = 17.14.36414.22 d17.14
MinimumVisualStudioVersion = 10.0.40219.1
Project("{FAE04EC0-301F-11D3-BF4B-00C04F79EFBC}") = "LibreriaWeb", "LibreriaWeb\LibreriaWeb.csproj", "{F94B4208-0F43-4188-A5B9-B17F95E84A5E}"
EndProject
Global
	GlobalSection(SolutionConfigurationPlatforms) = preSolution
		Debug|Any CPU = Debug|Any CPU
		Release|Any CPU = Release|Any CPU
	EndGlobalSection
	GlobalSection(ProjectConfigurationPlatforms) = postSolution
		{F94B4208-0F43-4188-A5B9-B17F95E84A5E}.Debug|Any CPU.ActiveCfg = Debug|Any CPU
		{F94B4208-0F43-4188-A5B9-B17F95E84A5E}.Debug|Any CPU.Build.0 = Debug|Any CPU
		{F94B4208-0F43-4188-A5B9-B17F95E84A5E}.Release|Any CPU.ActiveCfg = Release|Any CPU
		{F94B4208-0F43-4188-A5B9-B17F95E84A5E}.Release|Any CPU.Build.0 = Release|Any CPU
	EndGlobalSection
	GlobalSection(SolutionProperties) = preSolution
		HideSolutionNode = FALSE
	EndGlobalSection
	GlobalSection(ExtensibilityGlobals) = postSolution
		SolutionGuid = {3F1BCEB3-7C8F-45C0-BC8D-7223BABB6965}
	EndGlobalSection
EndGlobal
